
Microsoft Visual Studio Solution File, Format Version 12.00
# Visual Studio Version 17
VisualStudioVersion = 17.0.31903.59
MinimumVisualStudioVersion = 10.0.40219.1
Project("{FAE04EC0-301F-11D3-BF4B-00C04F79EFBC}") = "minimal-api", "Api\minimal-api.csproj", "{24A24640-1A85-455A-B2FC-136DBADABBAC}"
EndProject
Project("{FAE04EC0-301F-11D3-BF4B-00C04F79EFBC}") = "Test", "Test\Test.csproj", "{B766B82D-B190-4956-B494-518ED77A2DFC}"
EndProject
Global
	GlobalSection(SolutionConfigurationPlatforms) = preSolution
		Debug|Any CPU = Debug|Any CPU
		Release|Any CPU = Release|Any CPU
	EndGlobalSection
	GlobalSection(SolutionProperties) = preSolution
		HideSolutionNode = FALSE
	EndGlobalSection
	GlobalSection(ProjectConfigurationPlatforms) = postSolution
		{24A24640-1A85-455A-B2FC-136DBADABBAC}.Debug|Any CPU.ActiveCfg = Debug|Any CPU
		{24A24640-1A85-455A-B2FC-136DBADABBAC}.Debug|Any CPU.Build.0 = Debug|Any CPU
		{24A24640-1A85-455A-B2FC-136DBADABBAC}.Release|Any CPU.ActiveCfg = Release|Any CPU
		{24A24640-1A85-455A-B2FC-136DBADABBAC}.Release|Any CPU.Build.0 = Release|Any CPU
		{B766B82D-B190-4956-B494-518ED77A2DFC}.Debug|Any CPU.ActiveCfg = Debug|Any CPU
		{B766B82D-B190-4956-B494-518ED77A2DFC}.Debug|Any CPU.Build.0 = Debug|Any CPU
		{B766B82D-B190-4956-B494-518ED77A2DFC}.Release|Any CPU.ActiveCfg = Release|Any CPU
		{B766B82D-B190-4956-B494-518ED77A2DFC}.Release|Any CPU.Build.0 = Release|Any CPU
	EndGlobalSection
EndGlobal
